
Microsoft Visual Studio Solution File, Format Version 12.00
# Visual Studio Version 17
VisualStudioVersion = 17.11.35303.130
MinimumVisualStudioVersion = 10.0.40219.1
Project("{FAE04EC0-301F-11D3-BF4B-00C04F79EFBC}") = "MyFirstApp", "MyFirstApp\MyFirstApp.csproj", "{0B8C5D39-BF8C-474C-AFA8-F5E6E498F4FA}"
EndProject
Global
	GlobalSection(SolutionConfigurationPlatforms) = preSolution
		Debug|Any CPU = Debug|Any CPU
		Release|Any CPU = Release|Any CPU
	EndGlobalSection
	GlobalSection(ProjectConfigurationPlatforms) = postSolution
		{0B8C5D39-BF8C-474C-AFA8-F5E6E498F4FA}.Debug|Any CPU.ActiveCfg = Debug|Any CPU
		{0B8C5D39-BF8C-474C-AFA8-F5E6E498F4FA}.Debug|Any CPU.Build.0 = Debug|Any CPU
		{0B8C5D39-BF8C-474C-AFA8-F5E6E498F4FA}.Release|Any CPU.ActiveCfg = Release|Any CPU
		{0B8C5D39-BF8C-474C-AFA8-F5E6E498F4FA}.Release|Any CPU.Build.0 = Release|Any CPU
	EndGlobalSection
	GlobalSection(SolutionProperties) = preSolution
		HideSolutionNode = FALSE
	EndGlobalSection
	GlobalSection(ExtensibilityGlobals) = postSolution
		SolutionGuid = {F3182F49-85ED-4AD4-A702-CBFD376B43A2}
	EndGlobalSection
EndGlobal
